
Microsoft Visual Studio Solution File, Format Version 12.00
# Visual Studio Version 16
VisualStudioVersion = 16.0.28729.10
MinimumVisualStudioVersion = 10.0.40219.1
Project("{9A19103F-16F7-4668-BE54-9A1E7A4F7556}") = "TidePod.Kuando.Winforms", "TidePod.Kuando.Winforms\TidePod.Kuando.Winforms.csproj", "{A9751211-C69B-421A-B436-29D97CDEF7B4}"
EndProject
Project("{FAE04EC0-301F-11D3-BF4B-00C04F79EFBC}") = "TidePod.Kuando.Skype", "TidePod.Kuando.Skype\TidePod.Kuando.Skype.csproj", "{370D888B-D707-4437-8883-4EC8EB39E83A}"
EndProject
Global
	GlobalSection(SolutionConfigurationPlatforms) = preSolution
		Debug|Any CPU = Debug|Any CPU
		Release|Any CPU = Release|Any CPU
	EndGlobalSection
	GlobalSection(ProjectConfigurationPlatforms) = postSolution
		{A9751211-C69B-421A-B436-29D97CDEF7B4}.Debug|Any CPU.ActiveCfg = Debug|Any CPU
		{A9751211-C69B-421A-B436-29D97CDEF7B4}.Debug|Any CPU.Build.0 = Debug|Any CPU
		{A9751211-C69B-421A-B436-29D97CDEF7B4}.Release|Any CPU.ActiveCfg = Release|Any CPU
		{A9751211-C69B-421A-B436-29D97CDEF7B4}.Release|Any CPU.Build.0 = Release|Any CPU
		{370D888B-D707-4437-8883-4EC8EB39E83A}.Debug|Any CPU.ActiveCfg = Debug|Any CPU
		{370D888B-D707-4437-8883-4EC8EB39E83A}.Debug|Any CPU.Build.0 = Debug|Any CPU
		{370D888B-D707-4437-8883-4EC8EB39E83A}.Release|Any CPU.ActiveCfg = Release|Any CPU
		{370D888B-D707-4437-8883-4EC8EB39E83A}.Release|Any CPU.Build.0 = Release|Any CPU
	EndGlobalSection
	GlobalSection(SolutionProperties) = preSolution
		HideSolutionNode = FALSE
	EndGlobalSection
	GlobalSection(ExtensibilityGlobals) = postSolution
		SolutionGuid = {A015BBF9-B2AF-4A02-A913-0BCD1E382E5A}
	EndGlobalSection
EndGlobal
